
Microsoft Visual Studio Solution File, Format Version 12.00
# Visual Studio 15
VisualStudioVersion = 15.0.27004.2008
MinimumVisualStudioVersion = 10.0.40219.1
Project("{FAE04EC0-301F-11D3-BF4B-00C04F79EFBC}") = "PDFHelper", "PDFHelper\PDFHelper.csproj", "{DA86A695-24E8-4AF2-9A63-AD6648DF5772}"
EndProject
Global
	GlobalSection(SolutionConfigurationPlatforms) = preSolution
		Debug|Any CPU = Debug|Any CPU
		Release|Any CPU = Release|Any CPU
	EndGlobalSection
	GlobalSection(ProjectConfigurationPlatforms) = postSolution
		{DA86A695-24E8-4AF2-9A63-AD6648DF5772}.Debug|Any CPU.ActiveCfg = Debug|Any CPU
		{DA86A695-24E8-4AF2-9A63-AD6648DF5772}.Debug|Any CPU.Build.0 = Debug|Any CPU
		{DA86A695-24E8-4AF2-9A63-AD6648DF5772}.Release|Any CPU.ActiveCfg = Release|Any CPU
		{DA86A695-24E8-4AF2-9A63-AD6648DF5772}.Release|Any CPU.Build.0 = Release|Any CPU
	EndGlobalSection
	GlobalSection(SolutionProperties) = preSolution
		HideSolutionNode = FALSE
	EndGlobalSection
	GlobalSection(ExtensibilityGlobals) = postSolution
		SolutionGuid = {3A8A09A3-5E65-4107-AF85-84EABCC7C490}
	EndGlobalSection
EndGlobal
